
Microsoft Visual Studio Solution File, Format Version 12.00
# Visual Studio Version 17
VisualStudioVersion = 17.0.31903.59
MinimumVisualStudioVersion = 10.0.40219.1
Project("{2150E333-8FDC-42A3-9474-1A3956D46DE8}") = "src", "src", "{8149C86A-B180-46EE-AC31-EB634BE3CECE}"
EndProject
Project("{2150E333-8FDC-42A3-9474-1A3956D46DE8}") = "BraessAware.Bff", "BraessAware.Bff", "{61EFDCE4-D065-46E0-B921-164CC97FC119}"
EndProject
Project("{FAE04EC0-301F-11D3-BF4B-00C04F79EFBC}") = "BraessAware.Bff", "src\BraessAware.Bff\BraessAware.Bff\BraessAware.Bff.csproj", "{73BAE250-3FD3-400F-B51E-F0BCD3CA5713}"
EndProject
Project("{2150E333-8FDC-42A3-9474-1A3956D46DE8}") = "samples", "samples", "{1A70ACD6-406F-4775-8430-CFD6C9A83093}"
EndProject
Project("{2150E333-8FDC-42A3-9474-1A3956D46DE8}") = "Downstreams", "Downstreams", "{20AEB09B-092B-4055-9A3E-600095EC30AC}"
EndProject
Project("{2150E333-8FDC-42A3-9474-1A3956D46DE8}") = "UserService", "UserService", "{26574330-485F-4E44-9EBA-2A910DCA6380}"
EndProject
Project("{FAE04EC0-301F-11D3-BF4B-00C04F79EFBC}") = "UserService", "samples\Downstreams\UserService\UserService\UserService.csproj", "{169671B9-C4BB-4900-B946-A0EF7C341800}"
EndProject
Project("{2150E333-8FDC-42A3-9474-1A3956D46DE8}") = "AccountsService", "AccountsService", "{A1A9B582-5341-4C99-A8D2-CEE30D9A9741}"
EndProject
Project("{FAE04EC0-301F-11D3-BF4B-00C04F79EFBC}") = "AccountsService", "samples\Downstreams\AccountsService\AccountsService\AccountsService.csproj", "{2A355CE3-05F3-4636-B86A-5684C4D8DA4F}"
EndProject
Project("{2150E333-8FDC-42A3-9474-1A3956D46DE8}") = "RecommendationsService", "RecommendationsService", "{6975136E-78F8-4945-B26E-B492EEAFDFD6}"
EndProject
Project("{FAE04EC0-301F-11D3-BF4B-00C04F79EFBC}") = "RecommendationsService", "samples\Downstreams\RecommendationsService\RecommendationsService\RecommendationsService.csproj", "{D8ABBADE-1339-4235-A822-68E59931A46A}"
EndProject
Project("{2150E333-8FDC-42A3-9474-1A3956D46DE8}") = "tests", "tests", "{1B1FF317-D48C-4E6B-A8B4-01BA84778A9A}"
EndProject
Project("{2150E333-8FDC-42A3-9474-1A3956D46DE8}") = "BraessAware.Bff.Tests", "BraessAware.Bff.Tests", "{4A80F524-2F1D-4617-8FD5-8A64B94971DD}"
EndProject
Project("{FAE04EC0-301F-11D3-BF4B-00C04F79EFBC}") = "BraessAware.Bff.Tests", "tests\BraessAware.Bff.Tests\BraessAware.Bff.Tests\BraessAware.Bff.Tests.csproj", "{0320FF76-9672-4104-9FAB-FF9A38BBA539}"
EndProject
Project("{2150E333-8FDC-42A3-9474-1A3956D46DE8}") = "BraessAware.Bff.Integration", "BraessAware.Bff.Integration", "{A30842EE-D492-429D-9F63-7F6ED8C6FF7D}"
EndProject
Project("{FAE04EC0-301F-11D3-BF4B-00C04F79EFBC}") = "BraessAware.Bff.Integration", "tests\BraessAware.Bff.Integration\BraessAware.Bff.Integration\BraessAware.Bff.Integration.csproj", "{DC42B3A0-07D1-4337-A729-5171B99E1278}"
EndProject
Global
	GlobalSection(SolutionConfigurationPlatforms) = preSolution
		Debug|Any CPU = Debug|Any CPU
		Release|Any CPU = Release|Any CPU
	EndGlobalSection
	GlobalSection(SolutionProperties) = preSolution
		HideSolutionNode = FALSE
	EndGlobalSection
	GlobalSection(ProjectConfigurationPlatforms) = postSolution
		{73BAE250-3FD3-400F-B51E-F0BCD3CA5713}.Debug|Any CPU.ActiveCfg = Debug|Any CPU
		{73BAE250-3FD3-400F-B51E-F0BCD3CA5713}.Debug|Any CPU.Build.0 = Debug|Any CPU
		{73BAE250-3FD3-400F-B51E-F0BCD3CA5713}.Release|Any CPU.ActiveCfg = Release|Any CPU
		{73BAE250-3FD3-400F-B51E-F0BCD3CA5713}.Release|Any CPU.Build.0 = Release|Any CPU
		{169671B9-C4BB-4900-B946-A0EF7C341800}.Debug|Any CPU.ActiveCfg = Debug|Any CPU
		{169671B9-C4BB-4900-B946-A0EF7C341800}.Debug|Any CPU.Build.0 = Debug|Any CPU
		{169671B9-C4BB-4900-B946-A0EF7C341800}.Release|Any CPU.ActiveCfg = Release|Any CPU
		{169671B9-C4BB-4900-B946-A0EF7C341800}.Release|Any CPU.Build.0 = Release|Any CPU
		{2A355CE3-05F3-4636-B86A-5684C4D8DA4F}.Debug|Any CPU.ActiveCfg = Debug|Any CPU
		{2A355CE3-05F3-4636-B86A-5684C4D8DA4F}.Debug|Any CPU.Build.0 = Debug|Any CPU
		{2A355CE3-05F3-4636-B86A-5684C4D8DA4F}.Release|Any CPU.ActiveCfg = Release|Any CPU
		{2A355CE3-05F3-4636-B86A-5684C4D8DA4F}.Release|Any CPU.Build.0 = Release|Any CPU
		{D8ABBADE-1339-4235-A822-68E59931A46A}.Debug|Any CPU.ActiveCfg = Debug|Any CPU
		{D8ABBADE-1339-4235-A822-68E59931A46A}.Debug|Any CPU.Build.0 = Debug|Any CPU
		{D8ABBADE-1339-4235-A822-68E59931A46A}.Release|Any CPU.ActiveCfg = Release|Any CPU
		{D8ABBADE-1339-4235-A822-68E59931A46A}.Release|Any CPU.Build.0 = Release|Any CPU
		{0320FF76-9672-4104-9FAB-FF9A38BBA539}.Debug|Any CPU.ActiveCfg = Debug|Any CPU
		{0320FF76-9672-4104-9FAB-FF9A38BBA539}.Debug|Any CPU.Build.0 = Debug|Any CPU
		{0320FF76-9672-4104-9FAB-FF9A38BBA539}.Release|Any CPU.ActiveCfg = Release|Any CPU
		{0320FF76-9672-4104-9FAB-FF9A38BBA539}.Release|Any CPU.Build.0 = Release|Any CPU
		{DC42B3A0-07D1-4337-A729-5171B99E1278}.Debug|Any CPU.ActiveCfg = Debug|Any CPU
		{DC42B3A0-07D1-4337-A729-5171B99E1278}.Debug|Any CPU.Build.0 = Debug|Any CPU
		{DC42B3A0-07D1-4337-A729-5171B99E1278}.Release|Any CPU.ActiveCfg = Release|Any CPU
		{DC42B3A0-07D1-4337-A729-5171B99E1278}.Release|Any CPU.Build.0 = Release|Any CPU
	EndGlobalSection
	GlobalSection(NestedProjects) = preSolution
		{61EFDCE4-D065-46E0-B921-164CC97FC119} = {8149C86A-B180-46EE-AC31-EB634BE3CECE}
		{73BAE250-3FD3-400F-B51E-F0BCD3CA5713} = {61EFDCE4-D065-46E0-B921-164CC97FC119}
		{20AEB09B-092B-4055-9A3E-600095EC30AC} = {1A70ACD6-406F-4775-8430-CFD6C9A83093}
		{26574330-485F-4E44-9EBA-2A910DCA6380} = {20AEB09B-092B-4055-9A3E-600095EC30AC}
		{169671B9-C4BB-4900-B946-A0EF7C341800} = {26574330-485F-4E44-9EBA-2A910DCA6380}
		{A1A9B582-5341-4C99-A8D2-CEE30D9A9741} = {20AEB09B-092B-4055-9A3E-600095EC30AC}
		{2A355CE3-05F3-4636-B86A-5684C4D8DA4F} = {A1A9B582-5341-4C99-A8D2-CEE30D9A9741}
		{6975136E-78F8-4945-B26E-B492EEAFDFD6} = {20AEB09B-092B-4055-9A3E-600095EC30AC}
		{D8ABBADE-1339-4235-A822-68E59931A46A} = {6975136E-78F8-4945-B26E-B492EEAFDFD6}
		{4A80F524-2F1D-4617-8FD5-8A64B94971DD} = {1B1FF317-D48C-4E6B-A8B4-01BA84778A9A}
		{0320FF76-9672-4104-9FAB-FF9A38BBA539} = {4A80F524-2F1D-4617-8FD5-8A64B94971DD}
		{A30842EE-D492-429D-9F63-7F6ED8C6FF7D} = {1B1FF317-D48C-4E6B-A8B4-01BA84778A9A}
		{DC42B3A0-07D1-4337-A729-5171B99E1278} = {A30842EE-D492-429D-9F63-7F6ED8C6FF7D}
	EndGlobalSection
EndGlobal
